// !$*UTF8*$!
{
	archiveVersion = 1;
	classes = {
	};
	objectVersion = 56;
	objects = {

/* Begin PBXBuildFile section */
		B3965D582AC5E98400385E60 /* StartWatchAppApp.swift in Sources */ = {isa = PBXBuildFile; fileRef = B3965D572AC5E98400385E60 /* StartWatchAppApp.swift */; };
		B3965D5A2AC5E98400385E60 /* ContentView.swift in Sources */ = {isa = PBXBuildFile; fileRef = B3965D592AC5E98400385E60 /* ContentView.swift */; };
		B3965D5C2AC5E98500385E60 /* Assets.xcassets in Resources */ = {isa = PBXBuildFile; fileRef = B3965D5B2AC5E98500385E60 /* Assets.xcassets */; };
		B3965D5F2AC5E98500385E60 /* Preview Assets.xcassets in Resources */ = {isa = PBXBuildFile; fileRef = B3965D5E2AC5E98500385E60 /* Preview Assets.xcassets */; };
		B3965D652AC5E98500385E60 /* StartWatchApp Watch App.app in Embed Watch Content */ = {isa = PBXBuildFile; fileRef = B3965D642AC5E98500385E60 /* StartWatchApp Watch App.app */; settings = {ATTRIBUTES = (RemoveHeadersOnCopy, ); }; };
		B3965D6A2AC5E98500385E60 /* StartWatchAppApp.swift in Sources */ = {isa = PBXBuildFile; fileRef = B3965D692AC5E98500385E60 /* StartWatchAppApp.swift */; };
		B3965D6C2AC5E98500385E60 /* ContentView.swift in Sources */ = {isa = PBXBuildFile; fileRef = B3965D6B2AC5E98500385E60 /* ContentView.swift */; };
		B3965D6E2AC5E98500385E60 /* Assets.xcassets in Resources */ = {isa = PBXBuildFile; fileRef = B3965D6D2AC5E98500385E60 /* Assets.xcassets */; };
		B3965D712AC5E98500385E60 /* Preview Assets.xcassets in Resources */ = {isa = PBXBuildFile; fileRef = B3965D702AC5E98500385E60 /* Preview Assets.xcassets */; };
/* End PBXBuildFile section */

/* Begin PBXContainerItemProxy section */
		B3965D662AC5E98500385E60 /* PBXContainerItemProxy */ = {
			isa = PBXContainerItemProxy;
			containerPortal = B3965D4C2AC5E98300385E60 /* Project object */;
			proxyType = 1;
			remoteGlobalIDString = B3965D632AC5E98500385E60;
			remoteInfo = "StartWatchApp Watch App";
		};
/* End PBXContainerItemProxy section */

/* Begin PBXCopyFilesBuildPhase section */
		B3965D772AC5E98500385E60 /* Embed Watch Content */ = {
			isa = PBXCopyFilesBuildPhase;
			buildActionMask = 2147483647;
			dstPath = "$(CONTENTS_FOLDER_PATH)/Watch";
			dstSubfolderSpec = 16;
			files = (
				B3965D652AC5E98500385E60 /* StartWatchApp Watch App.app in Embed Watch Content */,
			);
			name = "Embed Watch Content";
			runOnlyForDeploymentPostprocessing = 0;
		};
/* End PBXCopyFilesBuildPhase section */

/* Begin PBXFileReference section */
		B3965D542AC5E98400385E60 /* StartWatchApp.app */ = {isa = PBXFileReference; explicitFileType = wrapper.application; includeInIndex = 0; path = StartWatchApp.app; sourceTree = BUILT_PRODUCTS_DIR; };
		B3965D572AC5E98400385E60 /* StartWatchAppApp.swift */ = {isa = PBXFileReference; lastKnownFileType = sourcecode.swift; path = StartWatchAppApp.swift; sourceTree = "<group>"; };
		B3965D592AC5E98400385E60 /* ContentView.swift */ = {isa = PBXFileReference; lastKnownFileType = sourcecode.swift; path = ContentView.swift; sourceTree = "<group>"; };
		B3965D5B2AC5E98500385E60 /* Assets.xcassets */ = {isa = PBXFileReference; lastKnownFileType = folder.assetcatalog; path = Assets.xcassets; sourceTree = "<group>"; };
		B3965D5E2AC5E98500385E60 /* Preview Assets.xcassets */ = {isa = PBXFileReference; lastKnownFileType = folder.assetcatalog; path = "Preview Assets.xcassets"; sourceTree = "<group>"; };
		B3965D642AC5E98500385E60 /* StartWatchApp Watch App.app */ = {isa = PBXFileReference; explicitFileType = wrapper.application; includeInIndex = 0; path = "StartWatchApp Watch App.app"; sourceTree = BUILT_PRODUCTS_DIR; };
		B3965D692AC5E98500385E60 /* StartWatchAppApp.swift */ = {isa = PBXFileReference; lastKnownFileType = sourcecode.swift; path = StartWatchAppApp.swift; sourceTree = "<group>"; };
		B3965D6B2AC5E98500385E60 /* ContentView.swift */ = {isa = PBXFileReference; lastKnownFileType = sourcecode.swift; path = ContentView.swift; sourceTree = "<group>"; };
		B3965D6D2AC5E98500385E60 /* Assets.xcassets */ = {isa = PBXFileReference; lastKnownFileType = folder.assetcatalog; path = Assets.xcassets; sourceTree = "<group>"; };
		B3965D702AC5E98500385E60 /* Preview Assets.xcassets */ = {isa = PBXFileReference; lastKnownFileType = folder.assetcatalog; path = "Preview Assets.xcassets"; sourceTree = "<group>"; };
		B3965D7B2AC5EB4700385E60 /* StartWatchApp.entitlements */ = {isa = PBXFileReference; lastKnownFileType = text.plist.entitlements; path = StartWatchApp.entitlements; sourceTree = "<group>"; };
		B3965D7C2AC5EF9900385E60 /* StartWatchApp Watch App.entitlements */ = {isa = PBXFileReference; lastKnownFileType = text.plist.entitlements; path = "StartWatchApp Watch App.entitlements"; sourceTree = "<group>"; };
		B3965D7D2AC5F12500385E60 /* StartWatchApp-Watch-App-Info.plist */ = {isa = PBXFileReference; lastKnownFileType = text.plist; path = "StartWatchApp-Watch-App-Info.plist"; sourceTree = SOURCE_ROOT; };
		B3965D7E2AC5F42000385E60 /* Info.plist */ = {isa = PBXFileReference; lastKnownFileType = text.plist; path = Info.plist; sourceTree = "<group>"; };
/* End PBXFileReference section */

/* Begin PBXFrameworksBuildPhase section */
		B3965D512AC5E98400385E60 /* Frameworks */ = {
			isa = PBXFrameworksBuildPhase;
			buildActionMask = 2147483647;
			files = (
			);
			runOnlyForDeploymentPostprocessing = 0;
		};
		B3965D612AC5E98500385E60 /* Frameworks */ = {
			isa = PBXFrameworksBuildPhase;
			buildActionMask = 2147483647;
			files = (
			);
			runOnlyForDeploymentPostprocessing = 0;
		};
/* End PBXFrameworksBuildPhase section */

/* Begin PBXGroup section */
		B3965D4B2AC5E98300385E60 = {
			isa = PBXGroup;
			children = (
				B3965D562AC5E98400385E60 /* StartWatchApp */,
				B3965D682AC5E98500385E60 /* StartWatchApp Watch App */,
				B3965D552AC5E98400385E60 /* Products */,
			);
			sourceTree = "<group>";
		};
		B3965D552AC5E98400385E60 /* Products */ = {
			isa = PBXGroup;
			children = (
				B3965D542AC5E98400385E60 /* StartWatchApp.app */,
				B3965D642AC5E98500385E60 /* StartWatchApp Watch App.app */,
			);
			name = Products;
			sourceTree = "<group>";
		};
		B3965D562AC5E98400385E60 /* StartWatchApp */ = {
			isa = PBXGroup;
			children = (
				B3965D7E2AC5F42000385E60 /* Info.plist */,
				B3965D7B2AC5EB4700385E60 /* StartWatchApp.entitlements */,
				B3965D572AC5E98400385E60 /* StartWatchAppApp.swift */,
				B3965D592AC5E98400385E60 /* ContentView.swift */,
				B3965D5B2AC5E98500385E60 /* Assets.xcassets */,
				B3965D5D2AC5E98500385E60 /* Preview Content */,
			);
			path = StartWatchApp;
			sourceTree = "<group>";
		};
		B3965D5D2AC5E98500385E60 /* Preview Content */ = {
			isa = PBXGroup;
			children = (
				B3965D5E2AC5E98500385E60 /* Preview Assets.xcassets */,
			);
			path = "Preview Content";
			sourceTree = "<group>";
		};
		B3965D682AC5E98500385E60 /* StartWatchApp Watch App */ = {
			isa = PBXGroup;
			children = (
				B3965D7D2AC5F12500385E60 /* StartWatchApp-Watch-App-Info.plist */,
				B3965D7C2AC5EF9900385E60 /* StartWatchApp Watch App.entitlements */,
				B3965D692AC5E98500385E60 /* StartWatchAppApp.swift */,
				B3965D6B2AC5E98500385E60 /* ContentView.swift */,
				B3965D6D2AC5E98500385E60 /* Assets.xcassets */,
				B3965D6F2AC5E98500385E60 /* Preview Content */,
			);
			path = "StartWatchApp Watch App";
			sourceTree = "<group>";
		};
		B3965D6F2AC5E98500385E60 /* Preview Content */ = {
			isa = PBXGroup;
			children = (
				B3965D702AC5E98500385E60 /* Preview Assets.xcassets */,
			);
			path = "Preview Content";
			sourceTree = "<group>";
		};
/* End PBXGroup section */

/* Begin PBXNativeTarget section */
		B3965D532AC5E98400385E60 /* StartWatchApp */ = {
			isa = PBXNativeTarget;
			buildConfigurationList = B3965D782AC5E98500385E60 /* Build configuration list for PBXNativeTarget "StartWatchApp" */;
			buildPhases = (
				B3965D502AC5E98400385E60 /* Sources */,
				B3965D512AC5E98400385E60 /* Frameworks */,
				B3965D522AC5E98400385E60 /* Resources */,
				B3965D772AC5E98500385E60 /* Embed Watch Content */,
			);
			buildRules = (
			);
			dependencies = (
				B3965D672AC5E98500385E60 /* PBXTargetDependency */,
			);
			name = StartWatchApp;
			productName = StartWatchApp;
			productReference = B3965D542AC5E98400385E60 /* StartWatchApp.app */;
			productType = "com.apple.product-type.application";
		};
		B3965D632AC5E98500385E60 /* StartWatchApp Watch App */ = {
			isa = PBXNativeTarget;
			buildConfigurationList = B3965D742AC5E98500385E60 /* Build configuration list for PBXNativeTarget "StartWatchApp Watch App" */;
			buildPhases = (
				B3965D602AC5E98500385E60 /* Sources */,
				B3965D612AC5E98500385E60 /* Frameworks */,
				B3965D622AC5E98500385E60 /* Resources */,
			);
			buildRules = (
			);
			dependencies = (
			);
			name = "StartWatchApp Watch App";
			productName = "StartWatchApp Watch App";
			productReference = B3965D642AC5E98500385E60 /* StartWatchApp Watch App.app */;
			productType = "com.apple.product-type.application";
		};
/* End PBXNativeTarget section */

/* Begin PBXProject section */
		B3965D4C2AC5E98300385E60 /* Project object */ = {
			isa = PBXProject;
			attributes = {
				BuildIndependentTargetsInParallel = 1;
				LastSwiftUpdateCheck = 1500;
				LastUpgradeCheck = 1500;
				TargetAttributes = {
					B3965D532AC5E98400385E60 = {
						CreatedOnToolsVersion = 15.0;
					};
					B3965D632AC5E98500385E60 = {
						CreatedOnToolsVersion = 15.0;
					};
				};
			};
			buildConfigurationList = B3965D4F2AC5E98300385E60 /* Build configuration list for PBXProject "StartWatchApp" */;
			compatibilityVersion = "Xcode 14.0";
			developmentRegion = en;
			hasScannedForEncodings = 0;
			knownRegions = (
				en,
				Base,
			);
			mainGroup = B3965D4B2AC5E98300385E60;
			productRefGroup = B3965D552AC5E98400385E60 /* Products */;
			projectDirPath = "";
			projectRoot = "";
			targets = (
				B3965D532AC5E98400385E60 /* StartWatchApp */,
				B3965D632AC5E98500385E60 /* StartWatchApp Watch App */,
			);
		};
/* End PBXProject section */

/* Begin PBXResourcesBuildPhase section */
		B3965D522AC5E98400385E60 /* Resources */ = {
			isa = PBXResourcesBuildPhase;
			buildActionMask = 2147483647;
			files = (
				B3965D5F2AC5E98500385E60 /* Preview Assets.xcassets in Resources */,
				B3965D5C2AC5E98500385E60 /* Assets.xcassets in Resources */,
			);
			runOnlyForDeploymentPostprocessing = 0;
		};
		B3965D622AC5E98500385E60 /* Resources */ = {
			isa = PBXResourcesBuildPhase;
			buildActionMask = 2147483647;
			files = (
				B3965D712AC5E98500385E60 /* Preview Assets.xcassets in Resources */,
				B3965D6E2AC5E98500385E60 /* Assets.xcassets in Resources */,
			);
			runOnlyForDeploymentPostprocessing = 0;
		};
/* End PBXResourcesBuildPhase section */

/* Begin PBXSourcesBuildPhase section */
		B3965D502AC5E98400385E60 /* Sources */ = {
			isa = PBXSourcesBuildPhase;
			buildActionMask = 2147483647;
			files = (
				B3965D5A2AC5E98400385E60 /* ContentView.swift in Sources */,
				B3965D582AC5E98400385E60 /* StartWatchAppApp.swift in Sources */,
			);
			runOnlyForDeploymentPostprocessing = 0;
		};
		B3965D602AC5E98500385E60 /* Sources */ = {
			isa = PBXSourcesBuildPhase;
			buildActionMask = 2147483647;
			files = (
				B3965D6C2AC5E98500385E60 /* ContentView.swift in Sources */,
				B3965D6A2AC5E98500385E60 /* StartWatchAppApp.swift in Sources */,
			);
			runOnlyForDeploymentPostprocessing = 0;
		};
/* End PBXSourcesBuildPhase section */

/* Begin PBXTargetDependency section */
		B3965D672AC5E98500385E60 /* PBXTargetDependency */ = {
			isa = PBXTargetDependency;
			target = B3965D632AC5E98500385E60 /* StartWatchApp Watch App */;
			targetProxy = B3965D662AC5E98500385E60 /* PBXContainerItemProxy */;
		};
/* End PBXTargetDependency section */

/* Begin XCBuildConfiguration section */
		B3965D722AC5E98500385E60 /* Debug */ = {
			isa = XCBuildConfiguration;
			buildSettings = {
				ALWAYS_SEARCH_USER_PATHS = NO;
				ASSETCATALOG_COMPILER_GENERATE_SWIFT_ASSET_SYMBOL_EXTENSIONS = YES;
				CLANG_ANALYZER_NONNULL = YES;
				CLANG_ANALYZER_NUMBER_OBJECT_CONVERSION = YES_AGGRESSIVE;
				CLANG_CXX_LANGUAGE_STANDARD = "gnu++20";
				CLANG_ENABLE_MODULES = YES;
				CLANG_ENABLE_OBJC_ARC = YES;
				CLANG_ENABLE_OBJC_WEAK = YES;
				CLANG_WARN_BLOCK_CAPTURE_AUTORELEASING = YES;
				CLANG_WARN_BOOL_CONVERSION = YES;
				CLANG_WARN_COMMA = YES;
				CLANG_WARN_CONSTANT_CONVERSION = YES;
				CLANG_WARN_DEPRECATED_OBJC_IMPLEMENTATIONS = YES;
				CLANG_WARN_DIRECT_OBJC_ISA_USAGE = YES_ERROR;
				CLANG_WARN_DOCUMENTATION_COMMENTS = YES;
				CLANG_WARN_EMPTY_BODY = YES;
				CLANG_WARN_ENUM_CONVERSION = YES;
				CLANG_WARN_INFINITE_RECURSION = YES;
				CLANG_WARN_INT_CONVERSION = YES;
				CLANG_WARN_NON_LITERAL_NULL_CONVERSION = YES;
				CLANG_WARN_OBJC_IMPLICIT_RETAIN_SELF = YES;
				CLANG_WARN_OBJC_LITERAL_CONVERSION = YES;
				CLANG_WARN_OBJC_ROOT_CLASS = YES_ERROR;
				CLANG_WARN_QUOTED_INCLUDE_IN_FRAMEWORK_HEADER = YES;
				CLANG_WARN_RANGE_LOOP_ANALYSIS = YES;
				CLANG_WARN_STRICT_PROTOTYPES = YES;
				CLANG_WARN_SUSPICIOUS_MOVE = YES;
				CLANG_WARN_UNGUARDED_AVAILABILITY = YES_AGGRESSIVE;
				CLANG_WARN_UNREACHABLE_CODE = YES;
				CLANG_WARN__DUPLICATE_METHOD_MATCH = YES;
				COPY_PHASE_STRIP = NO;
				DEBUG_INFORMATION_FORMAT = dwarf;
				ENABLE_STRICT_OBJC_MSGSEND = YES;
				ENABLE_TESTABILITY = YES;
				ENABLE_USER_SCRIPT_SANDBOXING = YES;
				GCC_C_LANGUAGE_STANDARD = gnu17;
				GCC_DYNAMIC_NO_PIC = NO;
				GCC_NO_COMMON_BLOCKS = YES;
				GCC_OPTIMIZATION_LEVEL = 0;
				GCC_PREPROCESSOR_DEFINITIONS = (
					"DEBUG=1",
					"$(inherited)",
				);
				GCC_WARN_64_TO_32_BIT_CONVERSION = YES;
				GCC_WARN_ABOUT_RETURN_TYPE = YES_ERROR;
				GCC_WARN_UNDECLARED_SELECTOR = YES;
				GCC_WARN_UNINITIALIZED_AUTOS = YES_AGGRESSIVE;
				GCC_WARN_UNUSED_FUNCTION = YES;
				GCC_WARN_UNUSED_VARIABLE = YES;
				LOCALIZATION_PREFERS_STRING_CATALOGS = YES;
				MTL_ENABLE_DEBUG_INFO = INCLUDE_SOURCE;
				MTL_FAST_MATH = YES;
				ONLY_ACTIVE_ARCH = YES;
				SWIFT_ACTIVE_COMPILATION_CONDITIONS = "DEBUG $(inherited)";
				SWIFT_OPTIMIZATION_LEVEL = "-Onone";
			};
			name = Debug;
		};
		B3965D732AC5E98500385E60 /* Release */ = {
			isa = XCBuildConfiguration;
			buildSettings = {
				ALWAYS_SEARCH_USER_PATHS = NO;
				ASSETCATALOG_COMPILER_GENERATE_SWIFT_ASSET_SYMBOL_EXTENSIONS = YES;
				CLANG_ANALYZER_NONNULL = YES;
				CLANG_ANALYZER_NUMBER_OBJECT_CONVERSION = YES_AGGRESSIVE;
				CLANG_CXX_LANGUAGE_STANDARD = "gnu++20";
				CLANG_ENABLE_MODULES = YES;
				CLANG_ENABLE_OBJC_ARC = YES;
				CLANG_ENABLE_OBJC_WEAK = YES;
				CLANG_WARN_BLOCK_CAPTURE_AUTORELEASING = YES;
				CLANG_WARN_BOOL_CONVERSION = YES;
				CLANG_WARN_COMMA = YES;
				CLANG_WARN_CONSTANT_CONVERSION = YES;
				CLANG_WARN_DEPRECATED_OBJC_IMPLEMENTATIONS = YES;
				CLANG_WARN_DIRECT_OBJC_ISA_USAGE = YES_ERROR;
				CLANG_WARN_DOCUMENTATION_COMMENTS = YES;
				CLANG_WARN_EMPTY_BODY = YES;
				CLANG_WARN_ENUM_CONVERSION = YES;
				CLANG_WARN_INFINITE_RECURSION = YES;
				CLANG_WARN_INT_CONVERSION = YES;
				CLANG_WARN_NON_LITERAL_NULL_CONVERSION = YES;
				CLANG_WARN_OBJC_IMPLICIT_RETAIN_SELF = YES;
				CLANG_WARN_OBJC_LITERAL_CONVERSION = YES;
				CLANG_WARN_OBJC_ROOT_CLASS = YES_ERROR;
				CLANG_WARN_QUOTED_INCLUDE_IN_FRAMEWORK_HEADER = YES;
				CLANG_WARN_RANGE_LOOP_ANALYSIS = YES;
				CLANG_WARN_STRICT_PROTOTYPES = YES;
				CLANG_WARN_SUSPICIOUS_MOVE = YES;
				CLANG_WARN_UNGUARDED_AVAILABILITY = YES_AGGRESSIVE;
				CLANG_WARN_UNREACHABLE_CODE = YES;
				CLANG_WARN__DUPLICATE_METHOD_MATCH = YES;
				COPY_PHASE_STRIP = NO;
				DEBUG_INFORMATION_FORMAT = "dwarf-with-dsym";
				ENABLE_NS_ASSERTIONS = NO;
				ENABLE_STRICT_OBJC_MSGSEND = YES;
				ENABLE_USER_SCRIPT_SANDBOXING = YES;
				GCC_C_LANGUAGE_STANDARD = gnu17;
				GCC_NO_COMMON_BLOCKS = YES;
				GCC_WARN_64_TO_32_BIT_CONVERSION = YES;
				GCC_WARN_ABOUT_RETURN_TYPE = YES_ERROR;
				GCC_WARN_UNDECLARED_SELECTOR = YES;
				GCC_WARN_UNINITIALIZED_AUTOS = YES_AGGRESSIVE;
				GCC_WARN_UNUSED_FUNCTION = YES;
				GCC_WARN_UNUSED_VARIABLE = YES;
				LOCALIZATION_PREFERS_STRING_CATALOGS = YES;
				MTL_ENABLE_DEBUG_INFO = NO;
				MTL_FAST_MATH = YES;
				SWIFT_COMPILATION_MODE = wholemodule;
			};
			name = Release;
		};
		B3965D752AC5E98500385E60 /* Debug */ = {
			isa = XCBuildConfiguration;
			buildSettings = {
				ASSETCATALOG_COMPILER_APPICON_NAME = AppIcon;
				ASSETCATALOG_COMPILER_GLOBAL_ACCENT_COLOR_NAME = AccentColor;
				CODE_SIGN_ENTITLEMENTS = "StartWatchApp Watch App/StartWatchApp Watch App.entitlements";
				CODE_SIGN_STYLE = Automatic;
				CURRENT_PROJECT_VERSION = 1;
				DEVELOPMENT_ASSET_PATHS = "\"StartWatchApp Watch App/Preview Content\"";
				DEVELOPMENT_TEAM = MLT7M394S7;
				ENABLE_PREVIEWS = YES;
				GENERATE_INFOPLIST_FILE = YES;
				INFOPLIST_FILE = "StartWatchApp-Watch-App-Info.plist";
				INFOPLIST_KEY_CFBundleDisplayName = StartWatchApp;
				INFOPLIST_KEY_NSHealthShareUsageDescription = "Lorem ipsum dolor sit amet, consectetur adipiscing elit, sed do eiusmod tempor incididunt ut labore et dolore magna aliqua. Ut enim ad minim veniam, quis nostrud exercitation ullamco laboris nisi ut aliquip ex ea commodo consequat. ";
				INFOPLIST_KEY_NSHealthUpdateUsageDescription = "Lorem ipsum dolor sit amet, consectetur adipiscing elit, sed do eiusmod tempor incididunt ut labore et dolore magna aliqua. Ut enim ad minim veniam, quis nostrud exercitation ullamco laboris nisi ut aliquip ex ea commodo consequat. ";
				INFOPLIST_KEY_UISupportedInterfaceOrientations = "UIInterfaceOrientationPortrait UIInterfaceOrientationPortraitUpsideDown";
				INFOPLIST_KEY_WKCompanionAppBundleIdentifier = com.brightdigit.StartWatchApp;
				LD_RUNPATH_SEARCH_PATHS = (
					"$(inherited)",
					"@executable_path/Frameworks",
				);
				MARKETING_VERSION = 1.0;
				PRODUCT_BUNDLE_IDENTIFIER = com.brightdigit.StartWatchApp.watchkitapp;
				PRODUCT_NAME = "$(TARGET_NAME)";
				SDKROOT = watchos;
				SKIP_INSTALL = YES;
				SWIFT_EMIT_LOC_STRINGS = YES;
				SWIFT_VERSION = 5.0;
				TARGETED_DEVICE_FAMILY = 4;
				WATCHOS_DEPLOYMENT_TARGET = 10.0;
			};
			name = Debug;
		};
		B3965D762AC5E98500385E60 /* Release */ = {
			isa = XCBuildConfiguration;
			buildSettings = {
				ASSETCATALOG_COMPILER_APPICON_NAME = AppIcon;
				ASSETCATALOG_COMPILER_GLOBAL_ACCENT_COLOR_NAME = AccentColor;
				CODE_SIGN_ENTITLEMENTS = "StartWatchApp Watch App/StartWatchApp Watch App.entitlements";
				CODE_SIGN_STYLE = Automatic;
				CURRENT_PROJECT_VERSION = 1;
				DEVELOPMENT_ASSET_PATHS = "\"StartWatchApp Watch App/Preview Content\"";
				DEVELOPMENT_TEAM = MLT7M394S7;
				ENABLE_PREVIEWS = YES;
				GENERATE_INFOPLIST_FILE = YES;
				INFOPLIST_FILE = "StartWatchApp-Watch-App-Info.plist";
				INFOPLIST_KEY_CFBundleDisplayName = StartWatchApp;
				INFOPLIST_KEY_NSHealthShareUsageDescription = "Lorem ipsum dolor sit amet, consectetur adipiscing elit, sed do eiusmod tempor incididunt ut labore et dolore magna aliqua. Ut enim ad minim veniam, quis nostrud exercitation ullamco laboris nisi ut aliquip ex ea commodo consequat. ";
				INFOPLIST_KEY_NSHealthUpdateUsageDescription = "Lorem ipsum dolor sit amet, consectetur adipiscing elit, sed do eiusmod tempor incididunt ut labore et dolore magna aliqua. Ut enim ad minim veniam, quis nostrud exercitation ullamco laboris nisi ut aliquip ex ea commodo consequat. ";
				INFOPLIST_KEY_UISupportedInterfaceOrientations = "UIInterfaceOrientationPortrait UIInterfaceOrientationPortraitUpsideDown";
				INFOPLIST_KEY_WKCompanionAppBundleIdentifier = com.brightdigit.StartWatchApp;
				LD_RUNPATH_SEARCH_PATHS = (
					"$(inherited)",
					"@executable_path/Frameworks",
				);
				MARKETING_VERSION = 1.0;
				PRODUCT_BUNDLE_IDENTIFIER = com.brightdigit.StartWatchApp.watchkitapp;
				PRODUCT_NAME = "$(TARGET_NAME)";
				SDKROOT = watchos;
				SKIP_INSTALL = YES;
				SWIFT_EMIT_LOC_STRINGS = YES;
				SWIFT_VERSION = 5.0;
				TARGETED_DEVICE_FAMILY = 4;
				VALIDATE_PRODUCT = YES;
				WATCHOS_DEPLOYMENT_TARGET = 10.0;
			};
			name = Release;
		};
		B3965D792AC5E98500385E60 /* Debug */ = {
			isa = XCBuildConfiguration;
			buildSettings = {
				ALWAYS_EMBED_SWIFT_STANDARD_LIBRARIES = YES;
				ASSETCATALOG_COMPILER_APPICON_NAME = AppIcon;
				ASSETCATALOG_COMPILER_GLOBAL_ACCENT_COLOR_NAME = AccentColor;
				CODE_SIGN_ENTITLEMENTS = StartWatchApp/StartWatchApp.entitlements;
				CODE_SIGN_STYLE = Automatic;
				CURRENT_PROJECT_VERSION = 1;
				DEVELOPMENT_ASSET_PATHS = "\"StartWatchApp/Preview Content\"";
				DEVELOPMENT_TEAM = MLT7M394S7;
				ENABLE_PREVIEWS = YES;
				GENERATE_INFOPLIST_FILE = YES;
				INFOPLIST_FILE = StartWatchApp/Info.plist;
				INFOPLIST_KEY_CFBundleDisplayName = StartWatchApp;
				INFOPLIST_KEY_LSApplicationCategoryType = "";
				INFOPLIST_KEY_NSHealthShareUsageDescription = "Lorem ipsum dolor sit amet, consectetur adipiscing elit, sed do eiusmod tempor incididunt ut labore et dolore magna aliqua. Ut enim ad minim veniam, quis nostrud exercitation ullamco laboris nisi ut aliquip ex ea commodo consequat. ";
				INFOPLIST_KEY_NSHealthUpdateUsageDescription = "Lorem ipsum dolor sit amet, consectetur adipiscing elit, sed do eiusmod tempor incididunt ut labore et dolore magna aliqua. Ut enim ad minim veniam, quis nostrud exercitation ullamco laboris nisi ut aliquip ex ea commodo consequat. ";
				INFOPLIST_KEY_UIApplicationSceneManifest_Generation = YES;
				INFOPLIST_KEY_UIApplicationSupportsIndirectInputEvents = YES;
				INFOPLIST_KEY_UILaunchScreen_Generation = YES;
				INFOPLIST_KEY_UISupportedInterfaceOrientations_iPad = "UIInterfaceOrientationPortrait UIInterfaceOrientationPortraitUpsideDown UIInterfaceOrientationLandscapeLeft UIInterfaceOrientationLandscapeRight";
				INFOPLIST_KEY_UISupportedInterfaceOrientations_iPhone = "UIInterfaceOrientationPortrait UIInterfaceOrientationLandscapeLeft UIInterfaceOrientationLandscapeRight";
				IPHONEOS_DEPLOYMENT_TARGET = 17.0;
				LD_RUNPATH_SEARCH_PATHS = (
					"$(inherited)",
					"@executable_path/Frameworks",
				);
				MARKETING_VERSION = 1.0;
				PRODUCT_BUNDLE_IDENTIFIER = com.brightdigit.StartWatchApp;
				PRODUCT_NAME = "$(TARGET_NAME)";
				SDKROOT = iphoneos;
				SWIFT_EMIT_LOC_STRINGS = YES;
				SWIFT_VERSION = 5.0;
				TARGETED_DEVICE_FAMILY = "1,2";
			};
			name = Debug;
		};
		B3965D7A2AC5E98500385E60 /* Release */ = {
			isa = XCBuildConfiguration;
			buildSettings = {
				ALWAYS_EMBED_SWIFT_STANDARD_LIBRARIES = YES;
				ASSETCATALOG_COMPILER_APPICON_NAME = AppIcon;
				ASSETCATALOG_COMPILER_GLOBAL_ACCENT_COLOR_NAME = AccentColor;
				CODE_SIGN_ENTITLEMENTS = StartWatchApp/StartWatchApp.entitlements;
				CODE_SIGN_STYLE = Automatic;
				CURRENT_PROJECT_VERSION = 1;
				DEVELOPMENT_ASSET_PATHS = "\"StartWatchApp/Preview Content\"";
				DEVELOPMENT_TEAM = MLT7M394S7;
				ENABLE_PREVIEWS = YES;
				GENERATE_INFOPLIST_FILE = YES;
				INFOPLIST_FILE = StartWatchApp/Info.plist;
				INFOPLIST_KEY_CFBundleDisplayName = StartWatchApp;
				INFOPLIST_KEY_LSApplicationCategoryType = "";
				INFOPLIST_KEY_NSHealthShareUsageDescription = "Lorem ipsum dolor sit amet, consectetur adipiscing elit, sed do eiusmod tempor incididunt ut labore et dolore magna aliqua. Ut enim ad minim veniam, quis nostrud exercitation ullamco laboris nisi ut aliquip ex ea commodo consequat. ";
				INFOPLIST_KEY_NSHealthUpdateUsageDescription = "Lorem ipsum dolor sit amet, consectetur adipiscing elit, sed do eiusmod tempor incididunt ut labore et dolore magna aliqua. Ut enim ad minim veniam, quis nostrud exercitation ullamco laboris nisi ut aliquip ex ea commodo consequat. ";
				INFOPLIST_KEY_UIApplicationSceneManifest_Generation = YES;
				INFOPLIST_KEY_UIApplicationSupportsIndirectInputEvents = YES;
				INFOPLIST_KEY_UILaunchScreen_Generation = YES;
				INFOPLIST_KEY_UISupportedInterfaceOrientations_iPad = "UIInterfaceOrientationPortrait UIInterfaceOrientationPortraitUpsideDown UIInterfaceOrientationLandscapeLeft UIInterfaceOrientationLandscapeRight";
				INFOPLIST_KEY_UISupportedInterfaceOrientations_iPhone = "UIInterfaceOrientationPortrait UIInterfaceOrientationLandscapeLeft UIInterfaceOrientationLandscapeRight";
				IPHONEOS_DEPLOYMENT_TARGET = 17.0;
				LD_RUNPATH_SEARCH_PATHS = (
					"$(inherited)",
					"@executable_path/Frameworks",
				);
				MARKETING_VERSION = 1.0;
				PRODUCT_BUNDLE_IDENTIFIER = com.brightdigit.StartWatchApp;
				PRODUCT_NAME = "$(TARGET_NAME)";
				SDKROOT = iphoneos;
				SWIFT_EMIT_LOC_STRINGS = YES;
				SWIFT_VERSION = 5.0;
				TARGETED_DEVICE_FAMILY = "1,2";
				VALIDATE_PRODUCT = YES;
			};
			name = Release;
		};
/* End XCBuildConfiguration section */

/* Begin XCConfigurationList section */
		B3965D4F2AC5E98300385E60 /* Build configuration list for PBXProject "StartWatchApp" */ = {
			isa = XCConfigurationList;
			buildConfigurations = (
				B3965D722AC5E98500385E60 /* Debug */,
				B3965D732AC5E98500385E60 /* Release */,
			);
			defaultConfigurationIsVisible = 0;
			defaultConfigurationName = Release;
		};
		B3965D742AC5E98500385E60 /* Build configuration list for PBXNativeTarget "StartWatchApp Watch App" */ = {
			isa = XCConfigurationList;
			buildConfigurations = (
				B3965D752AC5E98500385E60 /* Debug */,
				B3965D762AC5E98500385E60 /* Release */,
			);
			defaultConfigurationIsVisible = 0;
			defaultConfigurationName = Release;
		};
		B3965D782AC5E98500385E60 /* Build configuration list for PBXNativeTarget "StartWatchApp" */ = {
			isa = XCConfigurationList;
			buildConfigurations = (
				B3965D792AC5E98500385E60 /* Debug */,
				B3965D7A2AC5E98500385E60 /* Release */,
			);
			defaultConfigurationIsVisible = 0;
			defaultConfigurationName = Release;
		};
/* End XCConfigurationList section */
	};
	rootObject = B3965D4C2AC5E98300385E60 /* Project object */;
}
